
Microsoft Visual Studio Solution File, Format Version 12.00
# Visual Studio Version 17
VisualStudioVersion = 17.3.32901.215
MinimumVisualStudioVersion = 10.0.40219.1
Project("{FAE04EC0-301F-11D3-BF4B-00C04F79EFBC}") = "ConsoleAppBaseLine", "ConsoleAppBaseLine\ConsoleAppBaseLine.csproj", "{66124971-7EAB-4AFF-800B-14D604CCB317}"
EndProject
Project("{FAE04EC0-301F-11D3-BF4B-00C04F79EFBC}") = "EFData", "EFData\EFData.csproj", "{280A976E-BA0E-487D-A4E0-714FF8A0DA71}"
EndProject
Project("{FAE04EC0-301F-11D3-BF4B-00C04F79EFBC}") = "DataService", "DataService\DataService.csproj", "{A18DE642-68C6-4785-B037-96BFE84B3DAE}"
EndProject
Global
	GlobalSection(SolutionConfigurationPlatforms) = preSolution
		Debug|Any CPU = Debug|Any CPU
		Release|Any CPU = Release|Any CPU
	EndGlobalSection
	GlobalSection(ProjectConfigurationPlatforms) = postSolution
		{66124971-7EAB-4AFF-800B-14D604CCB317}.Debug|Any CPU.ActiveCfg = Debug|Any CPU
		{66124971-7EAB-4AFF-800B-14D604CCB317}.Debug|Any CPU.Build.0 = Debug|Any CPU
		{66124971-7EAB-4AFF-800B-14D604CCB317}.Release|Any CPU.ActiveCfg = Release|Any CPU
		{66124971-7EAB-4AFF-800B-14D604CCB317}.Release|Any CPU.Build.0 = Release|Any CPU
		{280A976E-BA0E-487D-A4E0-714FF8A0DA71}.Debug|Any CPU.ActiveCfg = Debug|Any CPU
		{280A976E-BA0E-487D-A4E0-714FF8A0DA71}.Debug|Any CPU.Build.0 = Debug|Any CPU
		{280A976E-BA0E-487D-A4E0-714FF8A0DA71}.Release|Any CPU.ActiveCfg = Release|Any CPU
		{280A976E-BA0E-487D-A4E0-714FF8A0DA71}.Release|Any CPU.Build.0 = Release|Any CPU
		{A18DE642-68C6-4785-B037-96BFE84B3DAE}.Debug|Any CPU.ActiveCfg = Debug|Any CPU
		{A18DE642-68C6-4785-B037-96BFE84B3DAE}.Debug|Any CPU.Build.0 = Debug|Any CPU
		{A18DE642-68C6-4785-B037-96BFE84B3DAE}.Release|Any CPU.ActiveCfg = Release|Any CPU
		{A18DE642-68C6-4785-B037-96BFE84B3DAE}.Release|Any CPU.Build.0 = Release|Any CPU
	EndGlobalSection
	GlobalSection(SolutionProperties) = preSolution
		HideSolutionNode = FALSE
	EndGlobalSection
	GlobalSection(ExtensibilityGlobals) = postSolution
		SolutionGuid = {B52119E7-103A-4FB4-900E-27FC2098F4E9}
	EndGlobalSection
EndGlobal
